// !$*UTF8*$!
{
	archiveVersion = 1;
	classes = {
	};
	objectVersion = 56;
	objects = {

/* Begin PBXBuildFile section */
		4F0379DF29E2462A00EF331A /* Comet.h in Headers */ = {isa = PBXBuildFile; fileRef = 4F0379DE29E2462A00EF331A /* Comet.h */; settings = {ATTRIBUTES = (Public, ); }; };
		4F1DD2EA29BD574300ADD96C /* Published+Preferences.swift in Sources */ = {isa = PBXBuildFile; fileRef = 4F1DD2E929BD574300ADD96C /* Published+Preferences.swift */; };
		4F34435E29E6D38D00FD0B7F /* Resources.bundle in Resources */ = {isa = PBXBuildFile; fileRef = 4F34435D29E6D38D00FD0B7F /* Resources.bundle */; };
		4F34436029E6D42E00FD0B7F /* Bundle+Comet.swift in Sources */ = {isa = PBXBuildFile; fileRef = 4F34435F29E6D42E00FD0B7F /* Bundle+Comet.swift */; };
		4F34436229E6E41500FD0B7F /* String+CometLocalized.swift in Sources */ = {isa = PBXBuildFile; fileRef = 4F34436129E6E41500FD0B7F /* String+CometLocalized.swift */; };
		4F34436529E6E4E500FD0B7F /* Copy.swift in Sources */ = {isa = PBXBuildFile; fileRef = 4F34436429E6E4E500FD0B7F /* Copy.swift */; };
		4F34436929E810DC00FD0B7F /* ApplicationWorkspaceMock.swift in Sources */ = {isa = PBXBuildFile; fileRef = 4F34436829E810DC00FD0B7F /* ApplicationWorkspaceMock.swift */; };
		4F34437129E813CB00FD0B7F /* AppPickerViewModelTests.swift in Sources */ = {isa = PBXBuildFile; fileRef = 4F34437029E813CB00FD0B7F /* AppPickerViewModelTests.swift */; };
		4F34437229E813CB00FD0B7F /* Comet.framework in Frameworks */ = {isa = PBXBuildFile; fileRef = 4F9D071B29BC3C270037A73A /* Comet.framework */; platformFilter = ios; };
		4F34437929E81AE700FD0B7F /* Storage+Keys.swift in Sources */ = {isa = PBXBuildFile; fileRef = 4F34437829E81AE700FD0B7F /* Storage+Keys.swift */; };
		4F3AA21029F4BDEF00D511BD /* ApplicationWorkspace.swift in Sources */ = {isa = PBXBuildFile; fileRef = 4F3AA20F29F4BDEE00D511BD /* ApplicationWorkspace.swift */; };
		4F3AA21529F5082300D511BD /* UserDefaults+AppPicker.swift in Sources */ = {isa = PBXBuildFile; fileRef = 4F3AA21429F5082300D511BD /* UserDefaults+AppPicker.swift */; };
		4F3AA21729F514E600D511BD /* UIImage+Icon.h in Headers */ = {isa = PBXBuildFile; fileRef = 4F3AA21629F514E400D511BD /* UIImage+Icon.h */; settings = {ATTRIBUTES = (Private, ); }; };
		4F3AA21929F518BC00D511BD /* Respring.swift in Sources */ = {isa = PBXBuildFile; fileRef = 4F3AA21829F518BC00D511BD /* Respring.swift */; };
		4F3AA21B29F5192400D511BD /* _FBSSystemService.m in Sources */ = {isa = PBXBuildFile; fileRef = 4F3AA21A29F5192400D511BD /* _FBSSystemService.m */; };
		4F64C0D829D0540F00DB4B54 /* RespringButton.swift in Sources */ = {isa = PBXBuildFile; fileRef = 4F64C0D729D0540F00DB4B54 /* RespringButton.swift */; };
		4F80F0EE29DF9E1B00F3A6F6 /* HexColorPicker.swift in Sources */ = {isa = PBXBuildFile; fileRef = 4F80F0ED29DF9E1B00F3A6F6 /* HexColorPicker.swift */; };
		4F80F0F129DFB95800F3A6F6 /* Color+Hex.swift in Sources */ = {isa = PBXBuildFile; fileRef = 4F80F0F029DFB95800F3A6F6 /* Color+Hex.swift */; };
		4F9D072629BC3C480037A73A /* Preferences.swift in Sources */ = {isa = PBXBuildFile; fileRef = 4F9D072529BC3C480037A73A /* Preferences.swift */; };
		4FB059F229C1C63E00E4AEB2 /* CMViewController.swift in Sources */ = {isa = PBXBuildFile; fileRef = 4FB059F129C1C63E00E4AEB2 /* CMViewController.swift */; };
		4FB3C8FC2DF574760036A404 /* _LSApplicationWorkspace.m in Sources */ = {isa = PBXBuildFile; fileRef = 4FB3C8FB2DF574760036A404 /* _LSApplicationWorkspace.m */; };
		4FC6931729E2675E0001D965 /* FBSSystemService.h in Headers */ = {isa = PBXBuildFile; fileRef = 4FC6931629E2675E0001D965 /* FBSSystemService.h */; settings = {ATTRIBUTES = (Private, ); }; };
		4FC6931A29E29FD50001D965 /* LSApplicationWorkspace.h in Headers */ = {isa = PBXBuildFile; fileRef = 4FC6931929E29FD50001D965 /* LSApplicationWorkspace.h */; settings = {ATTRIBUTES = (Private, ); }; };
		4FC6932029E2AF190001D965 /* AppPicker.swift in Sources */ = {isa = PBXBuildFile; fileRef = 4FC6931F29E2AF190001D965 /* AppPicker.swift */; };
		4FC6932329E2AFD00001D965 /* AppPicker.ViewModel.swift in Sources */ = {isa = PBXBuildFile; fileRef = 4FC6932229E2AFD00001D965 /* AppPicker.ViewModel.swift */; };
		4FC6932929E3A0D30001D965 /* AppPickerSingleListView.swift in Sources */ = {isa = PBXBuildFile; fileRef = 4FC6932829E3A0D30001D965 /* AppPickerSingleListView.swift */; };
		4FC6932B29E3A2D20001D965 /* AppPickerListViewRow.swift in Sources */ = {isa = PBXBuildFile; fileRef = 4FC6932A29E3A2D20001D965 /* AppPickerListViewRow.swift */; };
		4FC6932D29E3AD1A0001D965 /* AppPickerMultiListView.swift in Sources */ = {isa = PBXBuildFile; fileRef = 4FC6932C29E3AD1A0001D965 /* AppPickerMultiListView.swift */; };
		4FC6933129E41ADE0001D965 /* LoadingViewModifier.swift in Sources */ = {isa = PBXBuildFile; fileRef = 4FC6933029E41ADE0001D965 /* LoadingViewModifier.swift */; };
		4FC6933329E421340001D965 /* Searchable+iOS14.swift in Sources */ = {isa = PBXBuildFile; fileRef = 4FC6933229E421340001D965 /* Searchable+iOS14.swift */; };
		4FC6933729E560CA0001D965 /* AppModelArray+Extensions.swift in Sources */ = {isa = PBXBuildFile; fileRef = 4FC6933629E560CA0001D965 /* AppModelArray+Extensions.swift */; };
/* End PBXBuildFile section */

/* Begin PBXContainerItemProxy section */
		4F34437329E813CB00FD0B7F /* PBXContainerItemProxy */ = {
			isa = PBXContainerItemProxy;
			containerPortal = 4F9D071229BC3C270037A73A /* Project object */;
			proxyType = 1;
			remoteGlobalIDString = 4F9D071A29BC3C270037A73A;
			remoteInfo = Comet;
		};
/* End PBXContainerItemProxy section */

/* Begin PBXFileReference section */
		4F0379DE29E2462A00EF331A /* Comet.h */ = {isa = PBXFileReference; fileEncoding = 4; lastKnownFileType = sourcecode.c.h; path = Comet.h; sourceTree = "<group>"; };
		4F1DD2E929BD574300ADD96C /* Published+Preferences.swift */ = {isa = PBXFileReference; lastKnownFileType = sourcecode.swift; path = "Published+Preferences.swift"; sourceTree = "<group>"; };
		4F34435729E6CDF500FD0B7F /* en */ = {isa = PBXFileReference; lastKnownFileType = text.plist.strings; name = en; path = Localizable.strings; sourceTree = "<group>"; };
		4F34435B29E6CE1F00FD0B7F /* zh_Hans */ = {isa = PBXFileReference; lastKnownFileType = text.plist.strings; name = zh_Hans; path = Localizable.strings; sourceTree = "<group>"; };
		4F34435D29E6D38D00FD0B7F /* Resources.bundle */ = {isa = PBXFileReference; lastKnownFileType = "wrapper.plug-in"; name = Resources.bundle; path = Comet/Resources.bundle; sourceTree = "<group>"; };
		4F34435F29E6D42E00FD0B7F /* Bundle+Comet.swift */ = {isa = PBXFileReference; lastKnownFileType = sourcecode.swift; path = "Bundle+Comet.swift"; sourceTree = "<group>"; };
		4F34436129E6E41500FD0B7F /* String+CometLocalized.swift */ = {isa = PBXFileReference; lastKnownFileType = sourcecode.swift; path = "String+CometLocalized.swift"; sourceTree = "<group>"; };
		4F34436429E6E4E500FD0B7F /* Copy.swift */ = {isa = PBXFileReference; lastKnownFileType = sourcecode.swift; path = Copy.swift; sourceTree = "<group>"; };
		4F34436629E80DD400FD0B7F /* zh-Hant */ = {isa = PBXFileReference; lastKnownFileType = text.plist.strings; name = "zh-Hant"; path = "../zh-Hant.lproj/Localizable.strings"; sourceTree = "<group>"; };
		4F34436829E810DC00FD0B7F /* ApplicationWorkspaceMock.swift */ = {isa = PBXFileReference; lastKnownFileType = sourcecode.swift; path = ApplicationWorkspaceMock.swift; sourceTree = "<group>"; };
		4F34436E29E813CB00FD0B7F /* CometTests.xctest */ = {isa = PBXFileReference; explicitFileType = wrapper.cfbundle; includeInIndex = 0; path = CometTests.xctest; sourceTree = BUILT_PRODUCTS_DIR; };
		4F34437029E813CB00FD0B7F /* AppPickerViewModelTests.swift */ = {isa = PBXFileReference; lastKnownFileType = sourcecode.swift; path = AppPickerViewModelTests.swift; sourceTree = "<group>"; };
		4F34437829E81AE700FD0B7F /* Storage+Keys.swift */ = {isa = PBXFileReference; lastKnownFileType = sourcecode.swift; path = "Storage+Keys.swift"; sourceTree = "<group>"; };
		4F3AA20F29F4BDEE00D511BD /* ApplicationWorkspace.swift */ = {isa = PBXFileReference; lastKnownFileType = sourcecode.swift; path = ApplicationWorkspace.swift; sourceTree = "<group>"; };
		4F3AA21329F4BE4A00D511BD /* module.modulemap */ = {isa = PBXFileReference; lastKnownFileType = "sourcecode.module-map"; path = module.modulemap; sourceTree = "<group>"; };
		4F3AA21429F5082300D511BD /* UserDefaults+AppPicker.swift */ = {isa = PBXFileReference; lastKnownFileType = sourcecode.swift; path = "UserDefaults+AppPicker.swift"; sourceTree = "<group>"; };
		4F3AA21629F514E400D511BD /* UIImage+Icon.h */ = {isa = PBXFileReference; lastKnownFileType = sourcecode.c.h; path = "UIImage+Icon.h"; sourceTree = "<group>"; };
		4F3AA21829F518BC00D511BD /* Respring.swift */ = {isa = PBXFileReference; lastKnownFileType = sourcecode.swift; path = Respring.swift; sourceTree = "<group>"; };
		4F3AA21A29F5192400D511BD /* _FBSSystemService.m */ = {isa = PBXFileReference; lastKnownFileType = sourcecode.c.objc; path = _FBSSystemService.m; sourceTree = "<group>"; };
		4F64C0D729D0540F00DB4B54 /* RespringButton.swift */ = {isa = PBXFileReference; lastKnownFileType = sourcecode.swift; path = RespringButton.swift; sourceTree = "<group>"; };
		4F80F0ED29DF9E1B00F3A6F6 /* HexColorPicker.swift */ = {isa = PBXFileReference; lastKnownFileType = sourcecode.swift; path = HexColorPicker.swift; sourceTree = "<group>"; };
		4F80F0F029DFB95800F3A6F6 /* Color+Hex.swift */ = {isa = PBXFileReference; lastKnownFileType = sourcecode.swift; path = "Color+Hex.swift"; sourceTree = "<group>"; };
		4F9D071B29BC3C270037A73A /* Comet.framework */ = {isa = PBXFileReference; explicitFileType = wrapper.framework; includeInIndex = 0; path = Comet.framework; sourceTree = BUILT_PRODUCTS_DIR; };
		4F9D072529BC3C480037A73A /* Preferences.swift */ = {isa = PBXFileReference; lastKnownFileType = sourcecode.swift; path = Preferences.swift; sourceTree = "<group>"; };
		4FB059F129C1C63E00E4AEB2 /* CMViewController.swift */ = {isa = PBXFileReference; lastKnownFileType = sourcecode.swift; path = CMViewController.swift; sourceTree = "<group>"; };
		4FB3C8FB2DF574760036A404 /* _LSApplicationWorkspace.m */ = {isa = PBXFileReference; lastKnownFileType = sourcecode.c.objc; path = _LSApplicationWorkspace.m; sourceTree = "<group>"; };
		4FC6931629E2675E0001D965 /* FBSSystemService.h */ = {isa = PBXFileReference; lastKnownFileType = sourcecode.c.h; path = FBSSystemService.h; sourceTree = "<group>"; };
		4FC6931929E29FD50001D965 /* LSApplicationWorkspace.h */ = {isa = PBXFileReference; lastKnownFileType = sourcecode.c.h; path = LSApplicationWorkspace.h; sourceTree = "<group>"; };
		4FC6931F29E2AF190001D965 /* AppPicker.swift */ = {isa = PBXFileReference; lastKnownFileType = sourcecode.swift; path = AppPicker.swift; sourceTree = "<group>"; };
		4FC6932229E2AFD00001D965 /* AppPicker.ViewModel.swift */ = {isa = PBXFileReference; lastKnownFileType = sourcecode.swift; path = AppPicker.ViewModel.swift; sourceTree = "<group>"; };
		4FC6932829E3A0D30001D965 /* AppPickerSingleListView.swift */ = {isa = PBXFileReference; lastKnownFileType = sourcecode.swift; path = AppPickerSingleListView.swift; sourceTree = "<group>"; };
		4FC6932A29E3A2D20001D965 /* AppPickerListViewRow.swift */ = {isa = PBXFileReference; lastKnownFileType = sourcecode.swift; path = AppPickerListViewRow.swift; sourceTree = "<group>"; };
		4FC6932C29E3AD1A0001D965 /* AppPickerMultiListView.swift */ = {isa = PBXFileReference; fileEncoding = 4; lastKnownFileType = sourcecode.swift; path = AppPickerMultiListView.swift; sourceTree = "<group>"; };
		4FC6933029E41ADE0001D965 /* LoadingViewModifier.swift */ = {isa = PBXFileReference; lastKnownFileType = sourcecode.swift; path = LoadingViewModifier.swift; sourceTree = "<group>"; };
		4FC6933229E421340001D965 /* Searchable+iOS14.swift */ = {isa = PBXFileReference; lastKnownFileType = sourcecode.swift; path = "Searchable+iOS14.swift"; sourceTree = "<group>"; };
		4FC6933629E560CA0001D965 /* AppModelArray+Extensions.swift */ = {isa = PBXFileReference; lastKnownFileType = sourcecode.swift; path = "AppModelArray+Extensions.swift"; sourceTree = "<group>"; };
/* End PBXFileReference section */

/* Begin PBXFrameworksBuildPhase section */
		4F34436B29E813CB00FD0B7F /* Frameworks */ = {
			isa = PBXFrameworksBuildPhase;
			buildActionMask = 2147483647;
			files = (
				4F34437229E813CB00FD0B7F /* Comet.framework in Frameworks */,
			);
			runOnlyForDeploymentPostprocessing = 0;
		};
		4F9D071829BC3C270037A73A /* Frameworks */ = {
			isa = PBXFrameworksBuildPhase;
			buildActionMask = 2147483647;
			files = (
			);
			runOnlyForDeploymentPostprocessing = 0;
		};
/* End PBXFrameworksBuildPhase section */

/* Begin PBXGroup section */
		4F1DD2E829BD572E00ADD96C /* Preferences */ = {
			isa = PBXGroup;
			children = (
				4F9D072529BC3C480037A73A /* Preferences.swift */,
				4F1DD2E929BD574300ADD96C /* Published+Preferences.swift */,
			);
			path = Preferences;
			sourceTree = "<group>";
		};
		4F2DE1B429E247090000CF6E /* Respring */ = {
			isa = PBXGroup;
			children = (
				4FC6931629E2675E0001D965 /* FBSSystemService.h */,
				4F3AA21A29F5192400D511BD /* _FBSSystemService.m */,
				4F3AA21829F518BC00D511BD /* Respring.swift */,
			);
			path = Respring;
			sourceTree = "<group>";
		};
		4F34435529E6CDCE00FD0B7F /* en.lproj */ = {
			isa = PBXGroup;
			children = (
				4F34435629E6CDF500FD0B7F /* Localizable.strings */,
			);
			path = en.lproj;
			sourceTree = "<group>";
		};
		4F34435929E6CE0B00FD0B7F /* zh_Hans.lproj */ = {
			isa = PBXGroup;
			children = (
				4F34435A29E6CE1F00FD0B7F /* Localizable.strings */,
			);
			path = zh_Hans.lproj;
			sourceTree = "<group>";
		};
		4F34436329E6E4DB00FD0B7F /* Core */ = {
			isa = PBXGroup;
			children = (
				4F34436429E6E4E500FD0B7F /* Copy.swift */,
				4F34437829E81AE700FD0B7F /* Storage+Keys.swift */,
			);
			path = Core;
			sourceTree = "<group>";
		};
		4F34436729E810C300FD0B7F /* Mocks */ = {
			isa = PBXGroup;
			children = (
				4F34436829E810DC00FD0B7F /* ApplicationWorkspaceMock.swift */,
			);
			path = Mocks;
			sourceTree = "<group>";
		};
		4F34436F29E813CB00FD0B7F /* CometTests */ = {
			isa = PBXGroup;
			children = (
				4F34437029E813CB00FD0B7F /* AppPickerViewModelTests.swift */,
			);
			path = CometTests;
			sourceTree = "<group>";
		};
		4F80F0EF29DFB94800F3A6F6 /* Extensions */ = {
			isa = PBXGroup;
			children = (
				4F80F0F029DFB95800F3A6F6 /* Color+Hex.swift */,
				4F34435F29E6D42E00FD0B7F /* Bundle+Comet.swift */,
				4F34436129E6E41500FD0B7F /* String+CometLocalized.swift */,
				4F3AA21429F5082300D511BD /* UserDefaults+AppPicker.swift */,
			);
			path = Extensions;
			sourceTree = "<group>";
		};
		4F9D071129BC3C270037A73A = {
			isa = PBXGroup;
			children = (
				4F3AA21329F4BE4A00D511BD /* module.modulemap */,
				4F34435D29E6D38D00FD0B7F /* Resources.bundle */,
				4F9D071D29BC3C270037A73A /* Comet */,
				4F34436F29E813CB00FD0B7F /* CometTests */,
				4F9D071C29BC3C270037A73A /* Products */,
			);
			sourceTree = "<group>";
		};
		4F9D071C29BC3C270037A73A /* Products */ = {
			isa = PBXGroup;
			children = (
				4F9D071B29BC3C270037A73A /* Comet.framework */,
				4F34436E29E813CB00FD0B7F /* CometTests.xctest */,
			);
			name = Products;
			sourceTree = "<group>";
		};
		4F9D071D29BC3C270037A73A /* Comet */ = {
			isa = PBXGroup;
			children = (
				4F0379DE29E2462A00EF331A /* Comet.h */,
				4F34436329E6E4DB00FD0B7F /* Core */,
				4FC6931829E29FB30001D965 /* Application */,
				4F2DE1B429E247090000CF6E /* Respring */,
				4F80F0EF29DFB94800F3A6F6 /* Extensions */,
				4FB059F029C1C62600E4AEB2 /* UI */,
				4F1DD2E829BD572E00ADD96C /* Preferences */,
				4FC6933929E569940001D965 /* Resources.bundle */,
				4F34436729E810C300FD0B7F /* Mocks */,
			);
			path = Comet;
			sourceTree = "<group>";
		};
		4FB059F029C1C62600E4AEB2 /* UI */ = {
			isa = PBXGroup;
			children = (
				4FC6933829E564340001D965 /* ViewModifiers */,
				4FC6932129E2AFC00001D965 /* AppPicker */,
				4F80F0ED29DF9E1B00F3A6F6 /* HexColorPicker.swift */,
				4FB059F129C1C63E00E4AEB2 /* CMViewController.swift */,
				4F64C0D729D0540F00DB4B54 /* RespringButton.swift */,
			);
			path = UI;
			sourceTree = "<group>";
		};
		4FC6931829E29FB30001D965 /* Application */ = {
			isa = PBXGroup;
			children = (
				4FC6931929E29FD50001D965 /* LSApplicationWorkspace.h */,
				4FB3C8FB2DF574760036A404 /* _LSApplicationWorkspace.m */,
				4F3AA21629F514E400D511BD /* UIImage+Icon.h */,
				4F3AA20F29F4BDEE00D511BD /* ApplicationWorkspace.swift */,
			);
			path = Application;
			sourceTree = "<group>";
		};
		4FC6932129E2AFC00001D965 /* AppPicker */ = {
			isa = PBXGroup;
			children = (
				4FC6933A29E569CF0001D965 /* Lists */,
				4FC6931F29E2AF190001D965 /* AppPicker.swift */,
				4FC6932229E2AFD00001D965 /* AppPicker.ViewModel.swift */,
				4FC6933629E560CA0001D965 /* AppModelArray+Extensions.swift */,
			);
			path = AppPicker;
			sourceTree = "<group>";
		};
		4FC6933829E564340001D965 /* ViewModifiers */ = {
			isa = PBXGroup;
			children = (
				4FC6933029E41ADE0001D965 /* LoadingViewModifier.swift */,
				4FC6933229E421340001D965 /* Searchable+iOS14.swift */,
			);
			path = ViewModifiers;
			sourceTree = "<group>";
		};
		4FC6933929E569940001D965 /* Resources.bundle */ = {
			isa = PBXGroup;
			children = (
				4F34435929E6CE0B00FD0B7F /* zh_Hans.lproj */,
				4F34435529E6CDCE00FD0B7F /* en.lproj */,
			);
			path = Resources.bundle;
			sourceTree = "<group>";
		};
		4FC6933A29E569CF0001D965 /* Lists */ = {
			isa = PBXGroup;
			children = (
				4FC6932829E3A0D30001D965 /* AppPickerSingleListView.swift */,
				4FC6932C29E3AD1A0001D965 /* AppPickerMultiListView.swift */,
				4FC6932A29E3A2D20001D965 /* AppPickerListViewRow.swift */,
			);
			path = Lists;
			sourceTree = "<group>";
		};
/* End PBXGroup section */

/* Begin PBXHeadersBuildPhase section */
		4F9D071629BC3C270037A73A /* Headers */ = {
			isa = PBXHeadersBuildPhase;
			buildActionMask = 2147483647;
			files = (
				4FC6931A29E29FD50001D965 /* LSApplicationWorkspace.h in Headers */,
				4F3AA21729F514E600D511BD /* UIImage+Icon.h in Headers */,
				4F0379DF29E2462A00EF331A /* Comet.h in Headers */,
				4FC6931729E2675E0001D965 /* FBSSystemService.h in Headers */,
			);
			runOnlyForDeploymentPostprocessing = 0;
		};
/* End PBXHeadersBuildPhase section */

/* Begin PBXNativeTarget section */
		4F34436D29E813CB00FD0B7F /* CometTests */ = {
			isa = PBXNativeTarget;
			buildConfigurationList = 4F34437529E813CB00FD0B7F /* Build configuration list for PBXNativeTarget "CometTests" */;
			buildPhases = (
				4F34436A29E813CB00FD0B7F /* Sources */,
				4F34436B29E813CB00FD0B7F /* Frameworks */,
				4F34436C29E813CB00FD0B7F /* Resources */,
			);
			buildRules = (
			);
			dependencies = (
				4F34437429E813CB00FD0B7F /* PBXTargetDependency */,
			);
			name = CometTests;
			productName = CometTests;
			productReference = 4F34436E29E813CB00FD0B7F /* CometTests.xctest */;
			productType = "com.apple.product-type.bundle.unit-test";
		};
		4F9D071A29BC3C270037A73A /* Comet */ = {
			isa = PBXNativeTarget;
			buildConfigurationList = 4F9D072229BC3C270037A73A /* Build configuration list for PBXNativeTarget "Comet" */;
			buildPhases = (
				4F9D071629BC3C270037A73A /* Headers */,
				4F9D071729BC3C270037A73A /* Sources */,
				4F9D071829BC3C270037A73A /* Frameworks */,
				4F9D071929BC3C270037A73A /* Resources */,
			);
			buildRules = (
			);
			dependencies = (
			);
			name = Comet;
			productName = GSPrefs;
			productReference = 4F9D071B29BC3C270037A73A /* Comet.framework */;
			productType = "com.apple.product-type.framework";
		};
/* End PBXNativeTarget section */

/* Begin PBXProject section */
		4F9D071229BC3C270037A73A /* Project object */ = {
			isa = PBXProject;
			attributes = {
				BuildIndependentTargetsInParallel = 1;
				LastSwiftUpdateCheck = 1430;
				LastUpgradeCheck = 1430;
				TargetAttributes = {
					4F34436D29E813CB00FD0B7F = {
						CreatedOnToolsVersion = 14.3;
					};
					4F9D071A29BC3C270037A73A = {
						CreatedOnToolsVersion = 14.2;
						LastSwiftMigration = 1430;
					};
				};
			};
			buildConfigurationList = 4F9D071529BC3C270037A73A /* Build configuration list for PBXProject "Comet" */;
			compatibilityVersion = "Xcode 14.0";
			developmentRegion = en;
			hasScannedForEncodings = 0;
			knownRegions = (
				en,
				Base,
				"zh-Hans",
				zh_Hans,
				"zh-Hant",
			);
			mainGroup = 4F9D071129BC3C270037A73A;
			productRefGroup = 4F9D071C29BC3C270037A73A /* Products */;
			projectDirPath = "";
			projectRoot = "";
			targets = (
				4F9D071A29BC3C270037A73A /* Comet */,
				4F34436D29E813CB00FD0B7F /* CometTests */,
			);
		};
/* End PBXProject section */

/* Begin PBXResourcesBuildPhase section */
		4F34436C29E813CB00FD0B7F /* Resources */ = {
			isa = PBXResourcesBuildPhase;
			buildActionMask = 2147483647;
			files = (
			);
			runOnlyForDeploymentPostprocessing = 0;
		};
		4F9D071929BC3C270037A73A /* Resources */ = {
			isa = PBXResourcesBuildPhase;
			buildActionMask = 2147483647;
			files = (
				4F34435E29E6D38D00FD0B7F /* Resources.bundle in Resources */,
			);
			runOnlyForDeploymentPostprocessing = 0;
		};
/* End PBXResourcesBuildPhase section */

/* Begin PBXSourcesBuildPhase section */
		4F34436A29E813CB00FD0B7F /* Sources */ = {
			isa = PBXSourcesBuildPhase;
			buildActionMask = 2147483647;
			files = (
				4F34437129E813CB00FD0B7F /* AppPickerViewModelTests.swift in Sources */,
			);
			runOnlyForDeploymentPostprocessing = 0;
		};
		4F9D071729BC3C270037A73A /* Sources */ = {
			isa = PBXSourcesBuildPhase;
			buildActionMask = 2147483647;
			files = (
				4FC6932B29E3A2D20001D965 /* AppPickerListViewRow.swift in Sources */,
				4F34436229E6E41500FD0B7F /* String+CometLocalized.swift in Sources */,
				4F1DD2EA29BD574300ADD96C /* Published+Preferences.swift in Sources */,
				4FC6932329E2AFD00001D965 /* AppPicker.ViewModel.swift in Sources */,
				4F3AA21B29F5192400D511BD /* _FBSSystemService.m in Sources */,
				4FB3C8FC2DF574760036A404 /* _LSApplicationWorkspace.m in Sources */,
				4F34436529E6E4E500FD0B7F /* Copy.swift in Sources */,
				4F80F0F129DFB95800F3A6F6 /* Color+Hex.swift in Sources */,
				4F3AA21029F4BDEF00D511BD /* ApplicationWorkspace.swift in Sources */,
				4F64C0D829D0540F00DB4B54 /* RespringButton.swift in Sources */,
				4F34437929E81AE700FD0B7F /* Storage+Keys.swift in Sources */,
				4F3AA21929F518BC00D511BD /* Respring.swift in Sources */,
				4F34436929E810DC00FD0B7F /* ApplicationWorkspaceMock.swift in Sources */,
				4FB059F229C1C63E00E4AEB2 /* CMViewController.swift in Sources */,
				4F80F0EE29DF9E1B00F3A6F6 /* HexColorPicker.swift in Sources */,
				4FC6933729E560CA0001D965 /* AppModelArray+Extensions.swift in Sources */,
				4F34436029E6D42E00FD0B7F /* Bundle+Comet.swift in Sources */,
				4FC6932929E3A0D30001D965 /* AppPickerSingleListView.swift in Sources */,
				4F3AA21529F5082300D511BD /* UserDefaults+AppPicker.swift in Sources */,
				4FC6932D29E3AD1A0001D965 /* AppPickerMultiListView.swift in Sources */,
				4F9D072629BC3C480037A73A /* Preferences.swift in Sources */,
				4FC6933329E421340001D965 /* Searchable+iOS14.swift in Sources */,
				4FC6933129E41ADE0001D965 /* LoadingViewModifier.swift in Sources */,
				4FC6932029E2AF190001D965 /* AppPicker.swift in Sources */,
			);
			runOnlyForDeploymentPostprocessing = 0;
		};
/* End PBXSourcesBuildPhase section */

/* Begin PBXTargetDependency section */
		4F34437429E813CB00FD0B7F /* PBXTargetDependency */ = {
			isa = PBXTargetDependency;
			platformFilter = ios;
			target = 4F9D071A29BC3C270037A73A /* Comet */;
			targetProxy = 4F34437329E813CB00FD0B7F /* PBXContainerItemProxy */;
		};
/* End PBXTargetDependency section */

/* Begin PBXVariantGroup section */
		4F34435629E6CDF500FD0B7F /* Localizable.strings */ = {
			isa = PBXVariantGroup;
			children = (
				4F34435729E6CDF500FD0B7F /* en */,
				4F34436629E80DD400FD0B7F /* zh-Hant */,
			);
			name = Localizable.strings;
			sourceTree = "<group>";
		};
		4F34435A29E6CE1F00FD0B7F /* Localizable.strings */ = {
			isa = PBXVariantGroup;
			children = (
				4F34435B29E6CE1F00FD0B7F /* zh_Hans */,
			);
			name = Localizable.strings;
			sourceTree = "<group>";
		};
/* End PBXVariantGroup section */

/* Begin XCBuildConfiguration section */
		4F34437629E813CB00FD0B7F /* Debug */ = {
			isa = XCBuildConfiguration;
			buildSettings = {
				CODE_SIGN_STYLE = Automatic;
				CURRENT_PROJECT_VERSION = 1;
				GENERATE_INFOPLIST_FILE = YES;
				IPHONEOS_DEPLOYMENT_TARGET = 16.4;
				MACH_O_TYPE = mh_bundle;
				MARKETING_VERSION = 1.0;
				PRODUCT_BUNDLE_IDENTIFIER = com.ginsu.CometTests;
				PRODUCT_NAME = "$(TARGET_NAME)";
				SWIFT_EMIT_LOC_STRINGS = NO;
				SWIFT_VERSION = 5.0;
				TARGETED_DEVICE_FAMILY = "1,2";
			};
			name = Debug;
		};
		4F34437729E813CB00FD0B7F /* Release */ = {
			isa = XCBuildConfiguration;
			buildSettings = {
				CODE_SIGN_STYLE = Automatic;
				CURRENT_PROJECT_VERSION = 1;
				GENERATE_INFOPLIST_FILE = YES;
				IPHONEOS_DEPLOYMENT_TARGET = 16.4;
				MACH_O_TYPE = mh_bundle;
				MARKETING_VERSION = 1.0;
				PRODUCT_BUNDLE_IDENTIFIER = com.ginsu.CometTests;
				PRODUCT_NAME = "$(TARGET_NAME)";
				SWIFT_EMIT_LOC_STRINGS = NO;
				SWIFT_VERSION = 5.0;
				TARGETED_DEVICE_FAMILY = "1,2";
			};
			name = Release;
		};
		4F9D072029BC3C270037A73A /* Debug */ = {
			isa = XCBuildConfiguration;
			buildSettings = {
				ALWAYS_SEARCH_USER_PATHS = NO;
				APPLICATION_EXTENSION_API_ONLY = NO;
				ARCHS = (
					arm64,
					arm64e,
				);
				BUILD_LIBRARY_FOR_DISTRIBUTION = NO;
				CLANG_ANALYZER_NONNULL = YES;
				CLANG_ANALYZER_NUMBER_OBJECT_CONVERSION = YES_AGGRESSIVE;
				CLANG_CXX_LANGUAGE_STANDARD = "gnu++20";
				CLANG_ENABLE_MODULES = YES;
				CLANG_ENABLE_OBJC_ARC = YES;
				CLANG_ENABLE_OBJC_WEAK = YES;
				CLANG_WARN_BLOCK_CAPTURE_AUTORELEASING = YES;
				CLANG_WARN_BOOL_CONVERSION = YES;
				CLANG_WARN_COMMA = YES;
				CLANG_WARN_CONSTANT_CONVERSION = YES;
				CLANG_WARN_DEPRECATED_OBJC_IMPLEMENTATIONS = YES;
				CLANG_WARN_DIRECT_OBJC_ISA_USAGE = YES_ERROR;
				CLANG_WARN_DOCUMENTATION_COMMENTS = YES;
				CLANG_WARN_EMPTY_BODY = YES;
				CLANG_WARN_ENUM_CONVERSION = YES;
				CLANG_WARN_INFINITE_RECURSION = YES;
				CLANG_WARN_INT_CONVERSION = YES;
				CLANG_WARN_NON_LITERAL_NULL_CONVERSION = YES;
				CLANG_WARN_OBJC_IMPLICIT_RETAIN_SELF = YES;
				CLANG_WARN_OBJC_LITERAL_CONVERSION = YES;
				CLANG_WARN_OBJC_ROOT_CLASS = YES_ERROR;
				CLANG_WARN_QUOTED_INCLUDE_IN_FRAMEWORK_HEADER = YES;
				CLANG_WARN_RANGE_LOOP_ANALYSIS = YES;
				CLANG_WARN_STRICT_PROTOTYPES = YES;
				CLANG_WARN_SUSPICIOUS_MOVE = YES;
				CLANG_WARN_UNGUARDED_AVAILABILITY = YES_AGGRESSIVE;
				CLANG_WARN_UNREACHABLE_CODE = YES;
				CLANG_WARN__DUPLICATE_METHOD_MATCH = YES;
				COPY_PHASE_STRIP = NO;
				CURRENT_PROJECT_VERSION = 1;
				DEBUG_INFORMATION_FORMAT = dwarf;
				DEFINES_MODULE = NO;
				ENABLE_STRICT_OBJC_MSGSEND = YES;
				ENABLE_TESTABILITY = YES;
				GCC_C_LANGUAGE_STANDARD = gnu11;
				GCC_DYNAMIC_NO_PIC = NO;
				GCC_NO_COMMON_BLOCKS = YES;
				GCC_OPTIMIZATION_LEVEL = 0;
				GCC_PREPROCESSOR_DEFINITIONS = (
					"DEBUG=1",
					"$(inherited)",
				);
				GCC_WARN_64_TO_32_BIT_CONVERSION = YES;
				GCC_WARN_ABOUT_RETURN_TYPE = YES_ERROR;
				GCC_WARN_UNDECLARED_SELECTOR = YES;
				GCC_WARN_UNINITIALIZED_AUTOS = YES_AGGRESSIVE;
				GCC_WARN_UNUSED_FUNCTION = YES;
				GCC_WARN_UNUSED_VARIABLE = YES;
				IPHONEOS_DEPLOYMENT_TARGET = 14.0;
				MACH_O_TYPE = "";
				MODULEMAP_FILE = module.modulemap;
				MTL_ENABLE_DEBUG_INFO = INCLUDE_SOURCE;
				MTL_FAST_MATH = YES;
				ONLY_ACTIVE_ARCH = YES;
				OTHER_LDFLAGS = "";
				SDKROOT = iphoneos;
				SWIFT_ACTIVE_COMPILATION_CONDITIONS = DEBUG;
				SWIFT_INSTALL_OBJC_HEADER = YES;
				SWIFT_OBJC_BRIDGING_HEADER = "";
				SWIFT_OPTIMIZATION_LEVEL = "-Onone";
				VERSIONING_SYSTEM = "apple-generic";
				VERSION_INFO_PREFIX = "";
			};
			name = Debug;
		};
		4F9D072129BC3C270037A73A /* Release */ = {
			isa = XCBuildConfiguration;
			buildSettings = {
				ALWAYS_SEARCH_USER_PATHS = NO;
				APPLICATION_EXTENSION_API_ONLY = NO;
				ARCHS = (
					arm64,
					arm64e,
				);
				BUILD_LIBRARY_FOR_DISTRIBUTION = NO;
				CLANG_ANALYZER_NONNULL = YES;
				CLANG_ANALYZER_NUMBER_OBJECT_CONVERSION = YES_AGGRESSIVE;
				CLANG_CXX_LANGUAGE_STANDARD = "gnu++20";
				CLANG_ENABLE_MODULES = YES;
				CLANG_ENABLE_OBJC_ARC = YES;
				CLANG_ENABLE_OBJC_WEAK = YES;
				CLANG_WARN_BLOCK_CAPTURE_AUTORELEASING = YES;
				CLANG_WARN_BOOL_CONVERSION = YES;
				CLANG_WARN_COMMA = YES;
				CLANG_WARN_CONSTANT_CONVERSION = YES;
				CLANG_WARN_DEPRECATED_OBJC_IMPLEMENTATIONS = YES;
				CLANG_WARN_DIRECT_OBJC_ISA_USAGE = YES_ERROR;
				CLANG_WARN_DOCUMENTATION_COMMENTS = YES;
				CLANG_WARN_EMPTY_BODY = YES;
				CLANG_WARN_ENUM_CONVERSION = YES;
				CLANG_WARN_INFINITE_RECURSION = YES;
				CLANG_WARN_INT_CONVERSION = YES;
				CLANG_WARN_NON_LITERAL_NULL_CONVERSION = YES;
				CLANG_WARN_OBJC_IMPLICIT_RETAIN_SELF = YES;
				CLANG_WARN_OBJC_LITERAL_CONVERSION = YES;
				CLANG_WARN_OBJC_ROOT_CLASS = YES_ERROR;
				CLANG_WARN_QUOTED_INCLUDE_IN_FRAMEWORK_HEADER = YES;
				CLANG_WARN_RANGE_LOOP_ANALYSIS = YES;
				CLANG_WARN_STRICT_PROTOTYPES = YES;
				CLANG_WARN_SUSPICIOUS_MOVE = YES;
				CLANG_WARN_UNGUARDED_AVAILABILITY = YES_AGGRESSIVE;
				CLANG_WARN_UNREACHABLE_CODE = YES;
				CLANG_WARN__DUPLICATE_METHOD_MATCH = YES;
				COPY_PHASE_STRIP = NO;
				CURRENT_PROJECT_VERSION = 1;
				DEBUG_INFORMATION_FORMAT = "dwarf-with-dsym";
				DEFINES_MODULE = NO;
				ENABLE_NS_ASSERTIONS = NO;
				ENABLE_STRICT_OBJC_MSGSEND = YES;
				GCC_C_LANGUAGE_STANDARD = gnu11;
				GCC_NO_COMMON_BLOCKS = YES;
				GCC_WARN_64_TO_32_BIT_CONVERSION = YES;
				GCC_WARN_ABOUT_RETURN_TYPE = YES_ERROR;
				GCC_WARN_UNDECLARED_SELECTOR = YES;
				GCC_WARN_UNINITIALIZED_AUTOS = YES_AGGRESSIVE;
				GCC_WARN_UNUSED_FUNCTION = YES;
				GCC_WARN_UNUSED_VARIABLE = YES;
				IPHONEOS_DEPLOYMENT_TARGET = 14.0;
				MACH_O_TYPE = "";
				MODULEMAP_FILE = module.modulemap;
				MTL_ENABLE_DEBUG_INFO = NO;
				MTL_FAST_MATH = YES;
				OTHER_LDFLAGS = "";
				SDKROOT = iphoneos;
				SWIFT_COMPILATION_MODE = wholemodule;
				SWIFT_INSTALL_OBJC_HEADER = YES;
				SWIFT_OBJC_BRIDGING_HEADER = "";
				SWIFT_OPTIMIZATION_LEVEL = "-O";
				VALIDATE_PRODUCT = YES;
				VERSIONING_SYSTEM = "apple-generic";
				VERSION_INFO_PREFIX = "";
			};
			name = Release;
		};
		4F9D072329BC3C270037A73A /* Debug */ = {
			isa = XCBuildConfiguration;
			buildSettings = {
				APPLICATION_EXTENSION_API_ONLY = YES;
				BUILD_LIBRARY_FOR_DISTRIBUTION = YES;
				CLANG_ENABLE_MODULES = YES;
				CODE_SIGN_IDENTITY = "Apple Development";
				CODE_SIGN_STYLE = Automatic;
				CURRENT_PROJECT_VERSION = 1;
				DEFINES_MODULE = YES;
				DEVELOPMENT_TEAM = "";
				DYLIB_COMPATIBILITY_VERSION = 1;
				DYLIB_CURRENT_VERSION = 1;
				DYLIB_INSTALL_NAME_BASE = "@rpath";
				FRAMEWORK_SEARCH_PATHS = (
					"$(inherited)",
					"$(PROJECT_DIR)",
				);
				GENERATE_INFOPLIST_FILE = YES;
				INFOPLIST_KEY_NSHumanReadableCopyright = "";
				INSTALL_PATH = "$(LOCAL_LIBRARY_DIR)/Frameworks";
				IPHONEOS_DEPLOYMENT_TARGET = 14.0;
				LD_DYLIB_INSTALL_NAME = "$(DYLIB_INSTALL_NAME_BASE:standardizepath)/$(EXECUTABLE_PATH)";
				LD_RUNPATH_SEARCH_PATHS = (
					"$(inherited)",
					"@executable_path/Frameworks",
					"@loader_path/Frameworks",
				);
				MACH_O_TYPE = mh_dylib;
				MARKETING_VERSION = 1.0;
				PRODUCT_BUNDLE_IDENTIFIER = com.ginsu.Comet;
				PRODUCT_NAME = "$(TARGET_NAME:c99extidentifier)";
				RUN_DOCUMENTATION_COMPILER = NO;
				SKIP_INSTALL = NO;
				SUPPORTED_PLATFORMS = "iphoneos iphonesimulator";
				SUPPORTS_MACCATALYST = NO;
				SUPPORTS_MAC_DESIGNED_FOR_IPHONE_IPAD = NO;
				SWIFT_EMIT_LOC_STRINGS = YES;
				SWIFT_INSTALL_OBJC_HEADER = YES;
				SWIFT_OBJC_BRIDGING_HEADER = "";
				SWIFT_OBJC_INTERFACE_HEADER_NAME = "Comet-Swift.h";
				SWIFT_OPTIMIZATION_LEVEL = "-Onone";
				SWIFT_VERSION = 5.0;
				TARGETED_DEVICE_FAMILY = "1,2";
			};
			name = Debug;
		};
		4F9D072429BC3C270037A73A /* Release */ = {
			isa = XCBuildConfiguration;
			buildSettings = {
				APPLICATION_EXTENSION_API_ONLY = YES;
				BUILD_LIBRARY_FOR_DISTRIBUTION = YES;
				CLANG_ENABLE_MODULES = YES;
				CODE_SIGN_IDENTITY = "Apple Development";
				CODE_SIGN_STYLE = Automatic;
				CURRENT_PROJECT_VERSION = 1;
				DEFINES_MODULE = YES;
				DEVELOPMENT_TEAM = "";
				DYLIB_COMPATIBILITY_VERSION = 1;
				DYLIB_CURRENT_VERSION = 1;
				DYLIB_INSTALL_NAME_BASE = "@rpath";
				FRAMEWORK_SEARCH_PATHS = (
					"$(inherited)",
					"$(PROJECT_DIR)",
				);
				GENERATE_INFOPLIST_FILE = YES;
				INFOPLIST_KEY_NSHumanReadableCopyright = "";
				INSTALL_PATH = "$(LOCAL_LIBRARY_DIR)/Frameworks";
				IPHONEOS_DEPLOYMENT_TARGET = 14.0;
				LD_DYLIB_INSTALL_NAME = "$(DYLIB_INSTALL_NAME_BASE:standardizepath)/$(EXECUTABLE_PATH)";
				LD_RUNPATH_SEARCH_PATHS = (
					"$(inherited)",
					"@executable_path/Frameworks",
					"@loader_path/Frameworks",
				);
				MACH_O_TYPE = mh_dylib;
				MARKETING_VERSION = 1.0;
				PRODUCT_BUNDLE_IDENTIFIER = com.ginsu.Comet;
				PRODUCT_NAME = "$(TARGET_NAME:c99extidentifier)";
				RUN_DOCUMENTATION_COMPILER = NO;
				SKIP_INSTALL = NO;
				SUPPORTED_PLATFORMS = "iphoneos iphonesimulator";
				SUPPORTS_MACCATALYST = NO;
				SUPPORTS_MAC_DESIGNED_FOR_IPHONE_IPAD = NO;
				SWIFT_EMIT_LOC_STRINGS = YES;
				SWIFT_INSTALL_OBJC_HEADER = YES;
				SWIFT_OBJC_INTERFACE_HEADER_NAME = "";
				SWIFT_VERSION = 5.0;
				TARGETED_DEVICE_FAMILY = "1,2";
			};
			name = Release;
		};
/* End XCBuildConfiguration section */

/* Begin XCConfigurationList section */
		4F34437529E813CB00FD0B7F /* Build configuration list for PBXNativeTarget "CometTests" */ = {
			isa = XCConfigurationList;
			buildConfigurations = (
				4F34437629E813CB00FD0B7F /* Debug */,
				4F34437729E813CB00FD0B7F /* Release */,
			);
			defaultConfigurationIsVisible = 0;
			defaultConfigurationName = Release;
		};
		4F9D071529BC3C270037A73A /* Build configuration list for PBXProject "Comet" */ = {
			isa = XCConfigurationList;
			buildConfigurations = (
				4F9D072029BC3C270037A73A /* Debug */,
				4F9D072129BC3C270037A73A /* Release */,
			);
			defaultConfigurationIsVisible = 0;
			defaultConfigurationName = Release;
		};
		4F9D072229BC3C270037A73A /* Build configuration list for PBXNativeTarget "Comet" */ = {
			isa = XCConfigurationList;
			buildConfigurations = (
				4F9D072329BC3C270037A73A /* Debug */,
				4F9D072429BC3C270037A73A /* Release */,
			);
			defaultConfigurationIsVisible = 0;
			defaultConfigurationName = Release;
		};
/* End XCConfigurationList section */
	};
	rootObject = 4F9D071229BC3C270037A73A /* Project object */;
}
