// !$*UTF8*$!
{
	archiveVersion = 1;
	classes = {
	};
	objectVersion = 56;
	objects = {

/* Begin PBXBuildFile section */
		4F1DD2EA29BD574300ADD96C /* Published+Preferences.swift in Sources */ = {isa = PBXBuildFile; fileRef = 4F1DD2E929BD574300ADD96C /* Published+Preferences.swift */; };
		4F64C0D829D0540F00DB4B54 /* RespringButton.swift in Sources */ = {isa = PBXBuildFile; fileRef = 4F64C0D729D0540F00DB4B54 /* RespringButton.swift */; };
		4F64C0DD29D0566E00DB4B54 /* Respring.m in Sources */ = {isa = PBXBuildFile; fileRef = 4F64C0DC29D0566E00DB4B54 /* Respring.m */; };
		4F9D072629BC3C480037A73A /* Preferences.swift in Sources */ = {isa = PBXBuildFile; fileRef = 4F9D072529BC3C480037A73A /* Preferences.swift */; };
		4FB059F229C1C63E00E4AEB2 /* CMViewController.swift in Sources */ = {isa = PBXBuildFile; fileRef = 4FB059F129C1C63E00E4AEB2 /* CMViewController.swift */; };
/* End PBXBuildFile section */

/* Begin PBXFileReference section */
		4F1DD2E929BD574300ADD96C /* Published+Preferences.swift */ = {isa = PBXFileReference; lastKnownFileType = sourcecode.swift; path = "Published+Preferences.swift"; sourceTree = "<group>"; };
		4F64C0D729D0540F00DB4B54 /* RespringButton.swift */ = {isa = PBXFileReference; lastKnownFileType = sourcecode.swift; path = RespringButton.swift; sourceTree = "<group>"; };
		4F64C0D929D0550300DB4B54 /* Respring.h */ = {isa = PBXFileReference; lastKnownFileType = sourcecode.c.h; path = Respring.h; sourceTree = "<group>"; };
		4F64C0DC29D0566E00DB4B54 /* Respring.m */ = {isa = PBXFileReference; lastKnownFileType = sourcecode.c.objc; name = Respring.m; path = Comet/Helpers/Respring.m; sourceTree = SOURCE_ROOT; };
		4F64C0DE29D1661800DB4B54 /* Comet-Bridging-Header.h */ = {isa = PBXFileReference; lastKnownFileType = sourcecode.c.h; path = "Comet-Bridging-Header.h"; sourceTree = "<group>"; };
		4F9D071B29BC3C270037A73A /* Comet.framework */ = {isa = PBXFileReference; explicitFileType = wrapper.framework; includeInIndex = 0; path = Comet.framework; sourceTree = BUILT_PRODUCTS_DIR; };
		4F9D072529BC3C480037A73A /* Preferences.swift */ = {isa = PBXFileReference; lastKnownFileType = sourcecode.swift; path = Preferences.swift; sourceTree = "<group>"; };
		4FB059F129C1C63E00E4AEB2 /* CMViewController.swift */ = {isa = PBXFileReference; lastKnownFileType = sourcecode.swift; path = CMViewController.swift; sourceTree = "<group>"; };
/* End PBXFileReference section */

/* Begin PBXFrameworksBuildPhase section */
		4F9D071829BC3C270037A73A /* Frameworks */ = {
			isa = PBXFrameworksBuildPhase;
			buildActionMask = 2147483647;
			files = (
			);
			runOnlyForDeploymentPostprocessing = 0;
		};
/* End PBXFrameworksBuildPhase section */

/* Begin PBXGroup section */
		4F1DD2E829BD572E00ADD96C /* Preferences */ = {
			isa = PBXGroup;
			children = (
				4F9D072529BC3C480037A73A /* Preferences.swift */,
				4F1DD2E929BD574300ADD96C /* Published+Preferences.swift */,
			);
			path = Preferences;
			sourceTree = "<group>";
		};
		4F64C0DF29D1667200DB4B54 /* Helpers */ = {
			isa = PBXGroup;
			children = (
				4F64C0D929D0550300DB4B54 /* Respring.h */,
				4F64C0DC29D0566E00DB4B54 /* Respring.m */,
			);
			path = Helpers;
			sourceTree = "<group>";
		};
		4F9D071129BC3C270037A73A = {
			isa = PBXGroup;
			children = (
				4F9D071D29BC3C270037A73A /* Comet */,
				4F9D071C29BC3C270037A73A /* Products */,
			);
			sourceTree = "<group>";
		};
		4F9D071C29BC3C270037A73A /* Products */ = {
			isa = PBXGroup;
			children = (
				4F9D071B29BC3C270037A73A /* Comet.framework */,
			);
			name = Products;
			sourceTree = "<group>";
		};
		4F9D071D29BC3C270037A73A /* Comet */ = {
			isa = PBXGroup;
			children = (
				4F64C0DE29D1661800DB4B54 /* Comet-Bridging-Header.h */,
				4F64C0DF29D1667200DB4B54 /* Helpers */,
				4FB059F029C1C62600E4AEB2 /* UI */,
				4F1DD2E829BD572E00ADD96C /* Preferences */,
			);
			path = Comet;
			sourceTree = "<group>";
		};
		4FB059F029C1C62600E4AEB2 /* UI */ = {
			isa = PBXGroup;
			children = (
				4FB059F129C1C63E00E4AEB2 /* CMViewController.swift */,
				4F64C0D729D0540F00DB4B54 /* RespringButton.swift */,
			);
			path = UI;
			sourceTree = "<group>";
		};
/* End PBXGroup section */

/* Begin PBXHeadersBuildPhase section */
		4F9D071629BC3C270037A73A /* Headers */ = {
			isa = PBXHeadersBuildPhase;
			buildActionMask = 2147483647;
			files = (
			);
			runOnlyForDeploymentPostprocessing = 0;
		};
/* End PBXHeadersBuildPhase section */

/* Begin PBXNativeTarget section */
		4F9D071A29BC3C270037A73A /* Comet */ = {
			isa = PBXNativeTarget;
			buildConfigurationList = 4F9D072229BC3C270037A73A /* Build configuration list for PBXNativeTarget "Comet" */;
			buildPhases = (
				4F9D071629BC3C270037A73A /* Headers */,
				4F9D071729BC3C270037A73A /* Sources */,
				4F9D071829BC3C270037A73A /* Frameworks */,
				4F9D071929BC3C270037A73A /* Resources */,
			);
			buildRules = (
			);
			dependencies = (
			);
			name = Comet;
			productName = GSPrefs;
			productReference = 4F9D071B29BC3C270037A73A /* Comet.framework */;
			productType = "com.apple.product-type.framework";
		};
/* End PBXNativeTarget section */

/* Begin PBXProject section */
		4F9D071229BC3C270037A73A /* Project object */ = {
			isa = PBXProject;
			attributes = {
				BuildIndependentTargetsInParallel = 1;
				LastUpgradeCheck = 1420;
				TargetAttributes = {
					4F9D071A29BC3C270037A73A = {
						CreatedOnToolsVersion = 14.2;
						LastSwiftMigration = 1420;
					};
				};
			};
			buildConfigurationList = 4F9D071529BC3C270037A73A /* Build configuration list for PBXProject "Comet" */;
			compatibilityVersion = "Xcode 14.0";
			developmentRegion = en;
			hasScannedForEncodings = 0;
			knownRegions = (
				en,
				Base,
			);
			mainGroup = 4F9D071129BC3C270037A73A;
			productRefGroup = 4F9D071C29BC3C270037A73A /* Products */;
			projectDirPath = "";
			projectRoot = "";
			targets = (
				4F9D071A29BC3C270037A73A /* Comet */,
			);
		};
/* End PBXProject section */

/* Begin PBXResourcesBuildPhase section */
		4F9D071929BC3C270037A73A /* Resources */ = {
			isa = PBXResourcesBuildPhase;
			buildActionMask = 2147483647;
			files = (
			);
			runOnlyForDeploymentPostprocessing = 0;
		};
/* End PBXResourcesBuildPhase section */

/* Begin PBXSourcesBuildPhase section */
		4F9D071729BC3C270037A73A /* Sources */ = {
			isa = PBXSourcesBuildPhase;
			buildActionMask = 2147483647;
			files = (
				4F1DD2EA29BD574300ADD96C /* Published+Preferences.swift in Sources */,
				4F64C0D829D0540F00DB4B54 /* RespringButton.swift in Sources */,
				4F64C0DD29D0566E00DB4B54 /* Respring.m in Sources */,
				4FB059F229C1C63E00E4AEB2 /* CMViewController.swift in Sources */,
				4F9D072629BC3C480037A73A /* Preferences.swift in Sources */,
			);
			runOnlyForDeploymentPostprocessing = 0;
		};
/* End PBXSourcesBuildPhase section */

/* Begin XCBuildConfiguration section */
		4F9D072029BC3C270037A73A /* Debug */ = {
			isa = XCBuildConfiguration;
			buildSettings = {
				ALWAYS_SEARCH_USER_PATHS = NO;
				ARCHS = (
					arm64,
					arm64e,
				);
				BUILD_LIBRARY_FOR_DISTRIBUTION = NO;
				CLANG_ANALYZER_NONNULL = YES;
				CLANG_ANALYZER_NUMBER_OBJECT_CONVERSION = YES_AGGRESSIVE;
				CLANG_CXX_LANGUAGE_STANDARD = "gnu++20";
				CLANG_ENABLE_MODULES = YES;
				CLANG_ENABLE_OBJC_ARC = YES;
				CLANG_ENABLE_OBJC_WEAK = YES;
				CLANG_WARN_BLOCK_CAPTURE_AUTORELEASING = YES;
				CLANG_WARN_BOOL_CONVERSION = YES;
				CLANG_WARN_COMMA = YES;
				CLANG_WARN_CONSTANT_CONVERSION = YES;
				CLANG_WARN_DEPRECATED_OBJC_IMPLEMENTATIONS = YES;
				CLANG_WARN_DIRECT_OBJC_ISA_USAGE = YES_ERROR;
				CLANG_WARN_DOCUMENTATION_COMMENTS = YES;
				CLANG_WARN_EMPTY_BODY = YES;
				CLANG_WARN_ENUM_CONVERSION = YES;
				CLANG_WARN_INFINITE_RECURSION = YES;
				CLANG_WARN_INT_CONVERSION = YES;
				CLANG_WARN_NON_LITERAL_NULL_CONVERSION = YES;
				CLANG_WARN_OBJC_IMPLICIT_RETAIN_SELF = YES;
				CLANG_WARN_OBJC_LITERAL_CONVERSION = YES;
				CLANG_WARN_OBJC_ROOT_CLASS = YES_ERROR;
				CLANG_WARN_QUOTED_INCLUDE_IN_FRAMEWORK_HEADER = YES;
				CLANG_WARN_RANGE_LOOP_ANALYSIS = YES;
				CLANG_WARN_STRICT_PROTOTYPES = YES;
				CLANG_WARN_SUSPICIOUS_MOVE = YES;
				CLANG_WARN_UNGUARDED_AVAILABILITY = YES_AGGRESSIVE;
				CLANG_WARN_UNREACHABLE_CODE = YES;
				CLANG_WARN__DUPLICATE_METHOD_MATCH = YES;
				COPY_PHASE_STRIP = NO;
				CURRENT_PROJECT_VERSION = 1;
				DEBUG_INFORMATION_FORMAT = dwarf;
				ENABLE_STRICT_OBJC_MSGSEND = YES;
				ENABLE_TESTABILITY = YES;
				GCC_C_LANGUAGE_STANDARD = gnu11;
				GCC_DYNAMIC_NO_PIC = NO;
				GCC_NO_COMMON_BLOCKS = YES;
				GCC_OPTIMIZATION_LEVEL = 0;
				GCC_PREPROCESSOR_DEFINITIONS = (
					"DEBUG=1",
					"$(inherited)",
				);
				GCC_WARN_64_TO_32_BIT_CONVERSION = YES;
				GCC_WARN_ABOUT_RETURN_TYPE = YES_ERROR;
				GCC_WARN_UNDECLARED_SELECTOR = YES;
				GCC_WARN_UNINITIALIZED_AUTOS = YES_AGGRESSIVE;
				GCC_WARN_UNUSED_FUNCTION = YES;
				GCC_WARN_UNUSED_VARIABLE = YES;
				IPHONEOS_DEPLOYMENT_TARGET = 14.0;
				LD_RUNPATH_SEARCH_PATHS = /Library/Frameworks;
				MTL_ENABLE_DEBUG_INFO = INCLUDE_SOURCE;
				MTL_FAST_MATH = YES;
				ONLY_ACTIVE_ARCH = YES;
				SDKROOT = iphoneos;
				SWIFT_ACTIVE_COMPILATION_CONDITIONS = DEBUG;
				SWIFT_OBJC_BRIDGING_HEADER = "Comet/Comet-Bridging-Header.h";
				SWIFT_OPTIMIZATION_LEVEL = "-Onone";
				VERSIONING_SYSTEM = "apple-generic";
				VERSION_INFO_PREFIX = "";
			};
			name = Debug;
		};
		4F9D072129BC3C270037A73A /* Release */ = {
			isa = XCBuildConfiguration;
			buildSettings = {
				ALWAYS_SEARCH_USER_PATHS = NO;
				ARCHS = (
					arm64,
					arm64e,
				);
				BUILD_LIBRARY_FOR_DISTRIBUTION = NO;
				CLANG_ANALYZER_NONNULL = YES;
				CLANG_ANALYZER_NUMBER_OBJECT_CONVERSION = YES_AGGRESSIVE;
				CLANG_CXX_LANGUAGE_STANDARD = "gnu++20";
				CLANG_ENABLE_MODULES = YES;
				CLANG_ENABLE_OBJC_ARC = YES;
				CLANG_ENABLE_OBJC_WEAK = YES;
				CLANG_WARN_BLOCK_CAPTURE_AUTORELEASING = YES;
				CLANG_WARN_BOOL_CONVERSION = YES;
				CLANG_WARN_COMMA = YES;
				CLANG_WARN_CONSTANT_CONVERSION = YES;
				CLANG_WARN_DEPRECATED_OBJC_IMPLEMENTATIONS = YES;
				CLANG_WARN_DIRECT_OBJC_ISA_USAGE = YES_ERROR;
				CLANG_WARN_DOCUMENTATION_COMMENTS = YES;
				CLANG_WARN_EMPTY_BODY = YES;
				CLANG_WARN_ENUM_CONVERSION = YES;
				CLANG_WARN_INFINITE_RECURSION = YES;
				CLANG_WARN_INT_CONVERSION = YES;
				CLANG_WARN_NON_LITERAL_NULL_CONVERSION = YES;
				CLANG_WARN_OBJC_IMPLICIT_RETAIN_SELF = YES;
				CLANG_WARN_OBJC_LITERAL_CONVERSION = YES;
				CLANG_WARN_OBJC_ROOT_CLASS = YES_ERROR;
				CLANG_WARN_QUOTED_INCLUDE_IN_FRAMEWORK_HEADER = YES;
				CLANG_WARN_RANGE_LOOP_ANALYSIS = YES;
				CLANG_WARN_STRICT_PROTOTYPES = YES;
				CLANG_WARN_SUSPICIOUS_MOVE = YES;
				CLANG_WARN_UNGUARDED_AVAILABILITY = YES_AGGRESSIVE;
				CLANG_WARN_UNREACHABLE_CODE = YES;
				CLANG_WARN__DUPLICATE_METHOD_MATCH = YES;
				COPY_PHASE_STRIP = NO;
				CURRENT_PROJECT_VERSION = 1;
				DEBUG_INFORMATION_FORMAT = dwarf;
				ENABLE_NS_ASSERTIONS = NO;
				ENABLE_STRICT_OBJC_MSGSEND = YES;
				GCC_C_LANGUAGE_STANDARD = gnu11;
				GCC_NO_COMMON_BLOCKS = YES;
				GCC_WARN_64_TO_32_BIT_CONVERSION = YES;
				GCC_WARN_ABOUT_RETURN_TYPE = YES_ERROR;
				GCC_WARN_UNDECLARED_SELECTOR = YES;
				GCC_WARN_UNINITIALIZED_AUTOS = YES_AGGRESSIVE;
				GCC_WARN_UNUSED_FUNCTION = YES;
				GCC_WARN_UNUSED_VARIABLE = YES;
				IPHONEOS_DEPLOYMENT_TARGET = 14.0;
				LD_RUNPATH_SEARCH_PATHS = /Library/Frameworks;
				MTL_ENABLE_DEBUG_INFO = NO;
				MTL_FAST_MATH = YES;
				SDKROOT = iphoneos;
				SWIFT_COMPILATION_MODE = wholemodule;
				SWIFT_OBJC_BRIDGING_HEADER = "Comet/Comet-Bridging-Header.h";
				SWIFT_OPTIMIZATION_LEVEL = "-O";
				VALIDATE_PRODUCT = YES;
				VERSIONING_SYSTEM = "apple-generic";
				VERSION_INFO_PREFIX = "";
			};
			name = Release;
		};
		4F9D072329BC3C270037A73A /* Debug */ = {
			isa = XCBuildConfiguration;
			buildSettings = {
				ARCHS = (
					arm64,
					arm64e,
				);
				BUILD_LIBRARY_FOR_DISTRIBUTION = NO;
				CLANG_ENABLE_MODULES = YES;
				CODE_SIGN_STYLE = Automatic;
				CURRENT_PROJECT_VERSION = 1;
				DEFINES_MODULE = YES;
				DEVELOPMENT_TEAM = WNUZX4NA7T;
				DYLIB_COMPATIBILITY_VERSION = 1;
				DYLIB_CURRENT_VERSION = 1;
				DYLIB_INSTALL_NAME_BASE = "@rpath";
				GENERATE_INFOPLIST_FILE = YES;
				INFOPLIST_KEY_NSHumanReadableCopyright = "";
				INSTALL_PATH = "$(LOCAL_LIBRARY_DIR)/Frameworks";
				IPHONEOS_DEPLOYMENT_TARGET = 14.0;
				LD_DYLIB_INSTALL_NAME = "/Library/Frameworks/$(EXECUTABLE_PATH)";
				LD_RUNPATH_SEARCH_PATHS = (
					"$(inherited)",
					"@executable_path/Frameworks",
					"@loader_path/Frameworks",
				);
				MARKETING_VERSION = 1.0;
				PRODUCT_BUNDLE_IDENTIFIER = com.ginsu.Comet;
				PRODUCT_NAME = "$(TARGET_NAME:c99extidentifier)";
				SKIP_INSTALL = YES;
				SUPPORTED_PLATFORMS = "iphoneos iphonesimulator";
				SUPPORTS_MACCATALYST = NO;
				SUPPORTS_MAC_DESIGNED_FOR_IPHONE_IPAD = NO;
				SWIFT_EMIT_LOC_STRINGS = YES;
				SWIFT_INSTALL_OBJC_HEADER = YES;
				SWIFT_OBJC_BRIDGING_HEADER = "Comet/Comet-Bridging-Header.h";
				SWIFT_OBJC_INTERFACE_HEADER_NAME = "";
				SWIFT_OPTIMIZATION_LEVEL = "-Onone";
				SWIFT_VERSION = 5.0;
				TARGETED_DEVICE_FAMILY = "1,2";
			};
			name = Debug;
		};
		4F9D072429BC3C270037A73A /* Release */ = {
			isa = XCBuildConfiguration;
			buildSettings = {
				ARCHS = (
					arm64,
					arm64e,
				);
				BUILD_LIBRARY_FOR_DISTRIBUTION = NO;
				CLANG_ENABLE_MODULES = YES;
				CODE_SIGN_STYLE = Automatic;
				CURRENT_PROJECT_VERSION = 1;
				DEFINES_MODULE = YES;
				DEVELOPMENT_TEAM = WNUZX4NA7T;
				DYLIB_COMPATIBILITY_VERSION = 1;
				DYLIB_CURRENT_VERSION = 1;
				DYLIB_INSTALL_NAME_BASE = "@rpath";
				GENERATE_INFOPLIST_FILE = YES;
				INFOPLIST_KEY_NSHumanReadableCopyright = "";
				INSTALL_PATH = "$(LOCAL_LIBRARY_DIR)/Frameworks";
				IPHONEOS_DEPLOYMENT_TARGET = 14.0;
				LD_DYLIB_INSTALL_NAME = "/Library/Frameworks/$(EXECUTABLE_PATH)";
				LD_RUNPATH_SEARCH_PATHS = (
					"$(inherited)",
					"@executable_path/Frameworks",
					"@loader_path/Frameworks",
				);
				MARKETING_VERSION = 1.0;
				PRODUCT_BUNDLE_IDENTIFIER = com.ginsu.Comet;
				PRODUCT_NAME = "$(TARGET_NAME:c99extidentifier)";
				SKIP_INSTALL = YES;
				SUPPORTED_PLATFORMS = "iphoneos iphonesimulator";
				SUPPORTS_MACCATALYST = NO;
				SUPPORTS_MAC_DESIGNED_FOR_IPHONE_IPAD = NO;
				SWIFT_EMIT_LOC_STRINGS = YES;
				SWIFT_INSTALL_OBJC_HEADER = YES;
				SWIFT_OBJC_BRIDGING_HEADER = "Comet/Comet-Bridging-Header.h";
				SWIFT_OBJC_INTERFACE_HEADER_NAME = "";
				SWIFT_VERSION = 5.0;
				TARGETED_DEVICE_FAMILY = "1,2";
			};
			name = Release;
		};
/* End XCBuildConfiguration section */

/* Begin XCConfigurationList section */
		4F9D071529BC3C270037A73A /* Build configuration list for PBXProject "Comet" */ = {
			isa = XCConfigurationList;
			buildConfigurations = (
				4F9D072029BC3C270037A73A /* Debug */,
				4F9D072129BC3C270037A73A /* Release */,
			);
			defaultConfigurationIsVisible = 0;
			defaultConfigurationName = Release;
		};
		4F9D072229BC3C270037A73A /* Build configuration list for PBXNativeTarget "Comet" */ = {
			isa = XCConfigurationList;
			buildConfigurations = (
				4F9D072329BC3C270037A73A /* Debug */,
				4F9D072429BC3C270037A73A /* Release */,
			);
			defaultConfigurationIsVisible = 0;
			defaultConfigurationName = Release;
		};
/* End XCConfigurationList section */
	};
	rootObject = 4F9D071229BC3C270037A73A /* Project object */;
}
